
Microsoft Visual Studio Solution File, Format Version 12.00
# Visual Studio 15
VisualStudioVersion = 15.0.27004.2009
MinimumVisualStudioVersion = 10.0.40219.1
Project("{FAE04EC0-301F-11D3-BF4B-00C04F79EFBC}") = "Arrays_2", "Arrays_2\Arrays_2.csproj", "{5DD3E3A9-97AE-49C2-B68D-9565F7A450FC}"
EndProject
Global
	GlobalSection(SolutionConfigurationPlatforms) = preSolution
		Debug|Any CPU = Debug|Any CPU
		Release|Any CPU = Release|Any CPU
	EndGlobalSection
	GlobalSection(ProjectConfigurationPlatforms) = postSolution
		{5DD3E3A9-97AE-49C2-B68D-9565F7A450FC}.Debug|Any CPU.ActiveCfg = Debug|Any CPU
		{5DD3E3A9-97AE-49C2-B68D-9565F7A450FC}.Debug|Any CPU.Build.0 = Debug|Any CPU
		{5DD3E3A9-97AE-49C2-B68D-9565F7A450FC}.Release|Any CPU.ActiveCfg = Release|Any CPU
		{5DD3E3A9-97AE-49C2-B68D-9565F7A450FC}.Release|Any CPU.Build.0 = Release|Any CPU
	EndGlobalSection
	GlobalSection(SolutionProperties) = preSolution
		HideSolutionNode = FALSE
	EndGlobalSection
	GlobalSection(ExtensibilityGlobals) = postSolution
		SolutionGuid = {C828EADE-02B0-4526-81C6-9F54BC933E78}
	EndGlobalSection
EndGlobal
