
Microsoft Visual Studio Solution File, Format Version 12.00
# Visual Studio 15
VisualStudioVersion = 15.0.27004.2009
MinimumVisualStudioVersion = 10.0.40219.1
Project("{FAE04EC0-301F-11D3-BF4B-00C04F79EFBC}") = "Exercises_S5_L48_1", "Exercises_S5_L48_1\Exercises_S5_L48_1.csproj", "{96ADD8D3-049D-4BC0-9368-E5C0A18C3907}"
EndProject
Global
	GlobalSection(SolutionConfigurationPlatforms) = preSolution
		Debug|Any CPU = Debug|Any CPU
		Release|Any CPU = Release|Any CPU
	EndGlobalSection
	GlobalSection(ProjectConfigurationPlatforms) = postSolution
		{96ADD8D3-049D-4BC0-9368-E5C0A18C3907}.Debug|Any CPU.ActiveCfg = Debug|Any CPU
		{96ADD8D3-049D-4BC0-9368-E5C0A18C3907}.Debug|Any CPU.Build.0 = Debug|Any CPU
		{96ADD8D3-049D-4BC0-9368-E5C0A18C3907}.Release|Any CPU.ActiveCfg = Release|Any CPU
		{96ADD8D3-049D-4BC0-9368-E5C0A18C3907}.Release|Any CPU.Build.0 = Release|Any CPU
	EndGlobalSection
	GlobalSection(SolutionProperties) = preSolution
		HideSolutionNode = FALSE
	EndGlobalSection
	GlobalSection(ExtensibilityGlobals) = postSolution
		SolutionGuid = {DC500566-479C-43A2-B211-1732B65D96D5}
	EndGlobalSection
EndGlobal
