
Microsoft Visual Studio Solution File, Format Version 12.00
# Visual Studio 15
VisualStudioVersion = 15.0.27004.2009
MinimumVisualStudioVersion = 10.0.40219.1
Project("{FAE04EC0-301F-11D3-BF4B-00C04F79EFBC}") = "Iterations", "Iterations\Iterations.csproj", "{9DF01E89-F85A-4776-9C1B-A06A118D1FE3}"
EndProject
Global
	GlobalSection(SolutionConfigurationPlatforms) = preSolution
		Debug|Any CPU = Debug|Any CPU
		Release|Any CPU = Release|Any CPU
	EndGlobalSection
	GlobalSection(ProjectConfigurationPlatforms) = postSolution
		{9DF01E89-F85A-4776-9C1B-A06A118D1FE3}.Debug|Any CPU.ActiveCfg = Debug|Any CPU
		{9DF01E89-F85A-4776-9C1B-A06A118D1FE3}.Debug|Any CPU.Build.0 = Debug|Any CPU
		{9DF01E89-F85A-4776-9C1B-A06A118D1FE3}.Release|Any CPU.ActiveCfg = Release|Any CPU
		{9DF01E89-F85A-4776-9C1B-A06A118D1FE3}.Release|Any CPU.Build.0 = Release|Any CPU
	EndGlobalSection
	GlobalSection(SolutionProperties) = preSolution
		HideSolutionNode = FALSE
	EndGlobalSection
	GlobalSection(ExtensibilityGlobals) = postSolution
		SolutionGuid = {41308B58-A315-4069-9DE1-5A17BC247648}
	EndGlobalSection
EndGlobal
