
Microsoft Visual Studio Solution File, Format Version 12.00
# Visual Studio 15
VisualStudioVersion = 15.0.27004.2009
MinimumVisualStudioVersion = 10.0.40219.1
Project("{FAE04EC0-301F-11D3-BF4B-00C04F79EFBC}") = "Exercises_S8_L67_2", "Exercises_S8_L67_2\Exercises_S8_L67_2.csproj", "{83679ABE-0A14-479A-9D54-034C05D7C528}"
EndProject
Global
	GlobalSection(SolutionConfigurationPlatforms) = preSolution
		Debug|Any CPU = Debug|Any CPU
		Release|Any CPU = Release|Any CPU
	EndGlobalSection
	GlobalSection(ProjectConfigurationPlatforms) = postSolution
		{83679ABE-0A14-479A-9D54-034C05D7C528}.Debug|Any CPU.ActiveCfg = Debug|Any CPU
		{83679ABE-0A14-479A-9D54-034C05D7C528}.Debug|Any CPU.Build.0 = Debug|Any CPU
		{83679ABE-0A14-479A-9D54-034C05D7C528}.Release|Any CPU.ActiveCfg = Release|Any CPU
		{83679ABE-0A14-479A-9D54-034C05D7C528}.Release|Any CPU.Build.0 = Release|Any CPU
	EndGlobalSection
	GlobalSection(SolutionProperties) = preSolution
		HideSolutionNode = FALSE
	EndGlobalSection
	GlobalSection(ExtensibilityGlobals) = postSolution
		SolutionGuid = {0393139B-E632-4AE3-81DE-0228C5893CED}
	EndGlobalSection
EndGlobal
