
Microsoft Visual Studio Solution File, Format Version 12.00
# Visual Studio 15
VisualStudioVersion = 15.0.27004.2009
MinimumVisualStudioVersion = 10.0.40219.1
Project("{FAE04EC0-301F-11D3-BF4B-00C04F79EFBC}") = "Exercises_S9_L75_2", "Exercises_S9_L75_2\Exercises_S9_L75_2.csproj", "{4BD576E7-B3F0-42B6-85CA-E1F4EDC75798}"
EndProject
Global
	GlobalSection(SolutionConfigurationPlatforms) = preSolution
		Debug|Any CPU = Debug|Any CPU
		Release|Any CPU = Release|Any CPU
	EndGlobalSection
	GlobalSection(ProjectConfigurationPlatforms) = postSolution
		{4BD576E7-B3F0-42B6-85CA-E1F4EDC75798}.Debug|Any CPU.ActiveCfg = Debug|Any CPU
		{4BD576E7-B3F0-42B6-85CA-E1F4EDC75798}.Debug|Any CPU.Build.0 = Debug|Any CPU
		{4BD576E7-B3F0-42B6-85CA-E1F4EDC75798}.Release|Any CPU.ActiveCfg = Release|Any CPU
		{4BD576E7-B3F0-42B6-85CA-E1F4EDC75798}.Release|Any CPU.Build.0 = Release|Any CPU
	EndGlobalSection
	GlobalSection(SolutionProperties) = preSolution
		HideSolutionNode = FALSE
	EndGlobalSection
	GlobalSection(ExtensibilityGlobals) = postSolution
		SolutionGuid = {F70185D4-B27F-4485-9292-10377ADA7E2B}
	EndGlobalSection
EndGlobal
