
Microsoft Visual Studio Solution File, Format Version 12.00
# Visual Studio 15
VisualStudioVersion = 15.0.27004.2009
MinimumVisualStudioVersion = 10.0.40219.1
Project("{FAE04EC0-301F-11D3-BF4B-00C04F79EFBC}") = "Exercises_S8_L67_3", "Exercises_S8_L67_3\Exercises_S8_L67_3.csproj", "{6719E66A-E06D-49B2-816D-AAF4F0434B64}"
EndProject
Global
	GlobalSection(SolutionConfigurationPlatforms) = preSolution
		Debug|Any CPU = Debug|Any CPU
		Release|Any CPU = Release|Any CPU
	EndGlobalSection
	GlobalSection(ProjectConfigurationPlatforms) = postSolution
		{6719E66A-E06D-49B2-816D-AAF4F0434B64}.Debug|Any CPU.ActiveCfg = Debug|Any CPU
		{6719E66A-E06D-49B2-816D-AAF4F0434B64}.Debug|Any CPU.Build.0 = Debug|Any CPU
		{6719E66A-E06D-49B2-816D-AAF4F0434B64}.Release|Any CPU.ActiveCfg = Release|Any CPU
		{6719E66A-E06D-49B2-816D-AAF4F0434B64}.Release|Any CPU.Build.0 = Release|Any CPU
	EndGlobalSection
	GlobalSection(SolutionProperties) = preSolution
		HideSolutionNode = FALSE
	EndGlobalSection
	GlobalSection(ExtensibilityGlobals) = postSolution
		SolutionGuid = {06B5A619-0EB3-4B64-9E2D-3752D4FDEC8C}
	EndGlobalSection
EndGlobal
