
Microsoft Visual Studio Solution File, Format Version 12.00
# Visual Studio 15
VisualStudioVersion = 15.0.27004.2009
MinimumVisualStudioVersion = 10.0.40219.1
Project("{FAE04EC0-301F-11D3-BF4B-00C04F79EFBC}") = "TypeConversion", "TypeConversion\TypeConversion.csproj", "{3D8E94FE-9D83-4EC8-BF1B-F5571A9FBA7F}"
EndProject
Global
	GlobalSection(SolutionConfigurationPlatforms) = preSolution
		Debug|Any CPU = Debug|Any CPU
		Release|Any CPU = Release|Any CPU
	EndGlobalSection
	GlobalSection(ProjectConfigurationPlatforms) = postSolution
		{3D8E94FE-9D83-4EC8-BF1B-F5571A9FBA7F}.Debug|Any CPU.ActiveCfg = Debug|Any CPU
		{3D8E94FE-9D83-4EC8-BF1B-F5571A9FBA7F}.Debug|Any CPU.Build.0 = Debug|Any CPU
		{3D8E94FE-9D83-4EC8-BF1B-F5571A9FBA7F}.Release|Any CPU.ActiveCfg = Release|Any CPU
		{3D8E94FE-9D83-4EC8-BF1B-F5571A9FBA7F}.Release|Any CPU.Build.0 = Release|Any CPU
	EndGlobalSection
	GlobalSection(SolutionProperties) = preSolution
		HideSolutionNode = FALSE
	EndGlobalSection
	GlobalSection(ExtensibilityGlobals) = postSolution
		SolutionGuid = {8F35AC83-BD94-4710-A698-156C68C0C4F9}
	EndGlobalSection
EndGlobal
