
Microsoft Visual Studio Solution File, Format Version 12.00
# Visual Studio 15
VisualStudioVersion = 15.0.27004.2009
MinimumVisualStudioVersion = 10.0.40219.1
Project("{FAE04EC0-301F-11D3-BF4B-00C04F79EFBC}") = "Exercises_S5_L48_5", "Exercises_S5_L48_5\Exercises_S5_L48_5.csproj", "{4FC6E9F2-5C9C-451B-BEDE-C70992D3C25D}"
EndProject
Global
	GlobalSection(SolutionConfigurationPlatforms) = preSolution
		Debug|Any CPU = Debug|Any CPU
		Release|Any CPU = Release|Any CPU
	EndGlobalSection
	GlobalSection(ProjectConfigurationPlatforms) = postSolution
		{4FC6E9F2-5C9C-451B-BEDE-C70992D3C25D}.Debug|Any CPU.ActiveCfg = Debug|Any CPU
		{4FC6E9F2-5C9C-451B-BEDE-C70992D3C25D}.Debug|Any CPU.Build.0 = Debug|Any CPU
		{4FC6E9F2-5C9C-451B-BEDE-C70992D3C25D}.Release|Any CPU.ActiveCfg = Release|Any CPU
		{4FC6E9F2-5C9C-451B-BEDE-C70992D3C25D}.Release|Any CPU.Build.0 = Release|Any CPU
	EndGlobalSection
	GlobalSection(SolutionProperties) = preSolution
		HideSolutionNode = FALSE
	EndGlobalSection
	GlobalSection(ExtensibilityGlobals) = postSolution
		SolutionGuid = {152033B8-A860-4A46-B5B8-E3916C4A7AC4}
	EndGlobalSection
EndGlobal
