
Microsoft Visual Studio Solution File, Format Version 12.00
# Visual Studio 15
VisualStudioVersion = 15.0.27004.2009
MinimumVisualStudioVersion = 10.0.40219.1
Project("{FAE04EC0-301F-11D3-BF4B-00C04F79EFBC}") = "Exercises_S5_L42_3", "Exercises_S5_L42_3\Exercises_S5_L42_3.csproj", "{10A7100F-F274-4E50-A452-AA5E550335DB}"
EndProject
Global
	GlobalSection(SolutionConfigurationPlatforms) = preSolution
		Debug|Any CPU = Debug|Any CPU
		Release|Any CPU = Release|Any CPU
	EndGlobalSection
	GlobalSection(ProjectConfigurationPlatforms) = postSolution
		{10A7100F-F274-4E50-A452-AA5E550335DB}.Debug|Any CPU.ActiveCfg = Debug|Any CPU
		{10A7100F-F274-4E50-A452-AA5E550335DB}.Debug|Any CPU.Build.0 = Debug|Any CPU
		{10A7100F-F274-4E50-A452-AA5E550335DB}.Release|Any CPU.ActiveCfg = Release|Any CPU
		{10A7100F-F274-4E50-A452-AA5E550335DB}.Release|Any CPU.Build.0 = Release|Any CPU
	EndGlobalSection
	GlobalSection(SolutionProperties) = preSolution
		HideSolutionNode = FALSE
	EndGlobalSection
	GlobalSection(ExtensibilityGlobals) = postSolution
		SolutionGuid = {BF67FC9C-563C-4DC8-81F7-B883DE444AE9}
	EndGlobalSection
EndGlobal
